<Solution>
  <Folder Name="/App/">
    <Project Path="src/CookBook.CleanArch.Application/CookBook.CleanArch.Application.csproj" />
    <Project Path="src/CookBook.CleanArch.Domain/CookBook.CleanArch.Domain.csproj" />
    <Project Path="src/CookBook.CleanArch.Infrastructure/CookBook.CleanArch.Infrastructure.csproj" />
    <Project Path="src/CookBook.CleanArch.Presentation.MauiApplication/CookBook.CleanArch.Presentation.MauiApplication.csproj" />
    <Project Path="src/CookBook.CleanArch.Presentation.WebApi/CookBook.CleanArch.Presentation.WebApi.csproj" />
  </Folder>
  <Folder Name="/Solution Items/">
    <File Path=".editorconfig" />
    <File Path=".gitignore" />
    <File Path="Directory.Build.props" />
    <File Path="Directory.Packages.props" />
  </Folder>
  <Folder Name="/Tests/">
    <Project Path="tests/CookBook.CleanArch.Application.IntegrationTests/CookBook.CleanArch.Application.IntegrationTests.csproj" />
    <Project Path="tests/CookBook.CleanArch.Application.UnitTests/CookBook.CleanArch.Application.UnitTests.csproj" />
    <Project Path="tests/CookBook.CleanArch.ArchitectureTests/CookBook.CleanArch.ArchitectureTests.csproj" />
    <Project Path="tests/CookBook.CleanArch.Common.Tests/CookBook.CleanArch.Common.Tests.csproj" />
    <Project Path="tests/CookBook.CleanArch.Domain.UnitTests/CookBook.CleanArch.Domain.UnitTests.csproj" />
    <Project Path="tests/CookBook.CleanArch.Presentation.MauiApp.IntegrationTests/CookBook.CleanArch.Presentation.MauiApp.IntegrationTests.csproj" />
    <Project Path="tests/CookBook.CleanArch.Presentation.WebApi.FunctionalTests/CookBook.CleanArch.Presentation.WebApi.FunctionalTests.csproj" />
  </Folder>
</Solution>
